// !$*UTF8*$!
{
	archiveVersion = 1;
	classes = {
	};
	objectVersion = 56;
	objects = {

/* Begin PBXBuildFile section */
		26A6666C2BE34C0300863A8C /* AppDelegate.swift in Sources */ = {isa = PBXBuildFile; fileRef = 26A6666B2BE34C0300863A8C /* AppDelegate.swift */; };
		26A6666E2BE34C0300863A8C /* SceneDelegate.swift in Sources */ = {isa = PBXBuildFile; fileRef = 26A6666D2BE34C0300863A8C /* SceneDelegate.swift */; };
		26A666702BE34C0300863A8C /* ViewController.swift in Sources */ = {isa = PBXBuildFile; fileRef = 26A6666F2BE34C0300863A8C /* ViewController.swift */; };
		26A666732BE34C0300863A8C /* Main.storyboard in Resources */ = {isa = PBXBuildFile; fileRef = 26A666712BE34C0300863A8C /* Main.storyboard */; };
		26A666752BE34C0600863A8C /* Assets.xcassets in Resources */ = {isa = PBXBuildFile; fileRef = 26A666742BE34C0600863A8C /* Assets.xcassets */; };
		26A666782BE34C0600863A8C /* LaunchScreen.storyboard in Resources */ = {isa = PBXBuildFile; fileRef = 26A666762BE34C0600863A8C /* LaunchScreen.storyboard */; };
		26A666852BE3511600863A8C /* JsonResponseModel.swift in Sources */ = {isa = PBXBuildFile; fileRef = 26A666842BE3511600863A8C /* JsonResponseModel.swift */; };
		26A666882BE351A800863A8C /* ListTableViewCell.swift in Sources */ = {isa = PBXBuildFile; fileRef = 26A666862BE351A700863A8C /* ListTableViewCell.swift */; };
		26A666892BE351A800863A8C /* ListTableViewCell.xib in Resources */ = {isa = PBXBuildFile; fileRef = 26A666872BE351A700863A8C /* ListTableViewCell.xib */; };
		26A6668C2BE3554800863A8C /* TableViewDataSource.swift in Sources */ = {isa = PBXBuildFile; fileRef = 26A6668B2BE3554800863A8C /* TableViewDataSource.swift */; };
		26A6668E2BE355E800863A8C /* JsonResponseViewModel.swift in Sources */ = {isa = PBXBuildFile; fileRef = 26A6668D2BE355E800863A8C /* JsonResponseViewModel.swift */; };
		26A666912BE35F4900863A8C /* Constants.swift in Sources */ = {isa = PBXBuildFile; fileRef = 26A666902BE35F4900863A8C /* Constants.swift */; };
		26A666932BE3614300863A8C /* ServiceManger.swift in Sources */ = {isa = PBXBuildFile; fileRef = 26A666922BE3614300863A8C /* ServiceManger.swift */; };
/* End PBXBuildFile section */

/* Begin PBXFileReference section */
		26A666682BE34C0300863A8C /* iOSAssessmentTest.app */ = {isa = PBXFileReference; explicitFileType = wrapper.application; includeInIndex = 0; path = iOSAssessmentTest.app; sourceTree = BUILT_PRODUCTS_DIR; };
		26A6666B2BE34C0300863A8C /* AppDelegate.swift */ = {isa = PBXFileReference; lastKnownFileType = sourcecode.swift; path = AppDelegate.swift; sourceTree = "<group>"; };
		26A6666D2BE34C0300863A8C /* SceneDelegate.swift */ = {isa = PBXFileReference; lastKnownFileType = sourcecode.swift; path = SceneDelegate.swift; sourceTree = "<group>"; };
		26A6666F2BE34C0300863A8C /* ViewController.swift */ = {isa = PBXFileReference; lastKnownFileType = sourcecode.swift; path = ViewController.swift; sourceTree = "<group>"; };
		26A666722BE34C0300863A8C /* Base */ = {isa = PBXFileReference; lastKnownFileType = file.storyboard; name = Base; path = Base.lproj/Main.storyboard; sourceTree = "<group>"; };
		26A666742BE34C0600863A8C /* Assets.xcassets */ = {isa = PBXFileReference; lastKnownFileType = folder.assetcatalog; path = Assets.xcassets; sourceTree = "<group>"; };
		26A666772BE34C0600863A8C /* Base */ = {isa = PBXFileReference; lastKnownFileType = file.storyboard; name = Base; path = Base.lproj/LaunchScreen.storyboard; sourceTree = "<group>"; };
		26A666792BE34C0600863A8C /* Info.plist */ = {isa = PBXFileReference; lastKnownFileType = text.plist.xml; path = Info.plist; sourceTree = "<group>"; };
		26A666842BE3511600863A8C /* JsonResponseModel.swift */ = {isa = PBXFileReference; lastKnownFileType = sourcecode.swift; path = JsonResponseModel.swift; sourceTree = "<group>"; };
		26A666862BE351A700863A8C /* ListTableViewCell.swift */ = {isa = PBXFileReference; lastKnownFileType = sourcecode.swift; path = ListTableViewCell.swift; sourceTree = "<group>"; };
		26A666872BE351A700863A8C /* ListTableViewCell.xib */ = {isa = PBXFileReference; lastKnownFileType = file.xib; path = ListTableViewCell.xib; sourceTree = "<group>"; };
		26A6668B2BE3554800863A8C /* TableViewDataSource.swift */ = {isa = PBXFileReference; lastKnownFileType = sourcecode.swift; path = TableViewDataSource.swift; sourceTree = "<group>"; };
		26A6668D2BE355E800863A8C /* JsonResponseViewModel.swift */ = {isa = PBXFileReference; lastKnownFileType = sourcecode.swift; path = JsonResponseViewModel.swift; sourceTree = "<group>"; };
		26A666902BE35F4900863A8C /* Constants.swift */ = {isa = PBXFileReference; lastKnownFileType = sourcecode.swift; path = Constants.swift; sourceTree = "<group>"; };
		26A666922BE3614300863A8C /* ServiceManger.swift */ = {isa = PBXFileReference; lastKnownFileType = sourcecode.swift; path = ServiceManger.swift; sourceTree = "<group>"; };
/* End PBXFileReference section */

/* Begin PBXFrameworksBuildPhase section */
		26A666652BE34C0300863A8C /* Frameworks */ = {
			isa = PBXFrameworksBuildPhase;
			buildActionMask = 2147483647;
			files = (
			);
			runOnlyForDeploymentPostprocessing = 0;
		};
/* End PBXFrameworksBuildPhase section */

/* Begin PBXGroup section */
		26A6665F2BE34C0300863A8C = {
			isa = PBXGroup;
			children = (
				26A6666A2BE34C0300863A8C /* iOSAssessmentTest */,
				26A666692BE34C0300863A8C /* Products */,
			);
			sourceTree = "<group>";
		};
		26A666692BE34C0300863A8C /* Products */ = {
			isa = PBXGroup;
			children = (
				26A666682BE34C0300863A8C /* iOSAssessmentTest.app */,
			);
			name = Products;
			sourceTree = "<group>";
		};
		26A6666A2BE34C0300863A8C /* iOSAssessmentTest */ = {
			isa = PBXGroup;
			children = (
				26A6668F2BE35F3400863A8C /* Constants */,
				26A6668A2BE3552A00863A8C /* DataSource */,
				26A666832BE34FCC00863A8C /* Service */,
				26A666822BE34F8200863A8C /* TableCell */,
				26A666812BE34F2500863A8C /* ViewModel */,
				26A666802BE34F1A00863A8C /* Model */,
				26A6667F2BE34F0A00863A8C /* Contoller */,
				26A6666B2BE34C0300863A8C /* AppDelegate.swift */,
				26A6666D2BE34C0300863A8C /* SceneDelegate.swift */,
				26A666712BE34C0300863A8C /* Main.storyboard */,
				26A666742BE34C0600863A8C /* Assets.xcassets */,
				26A666762BE34C0600863A8C /* LaunchScreen.storyboard */,
				26A666792BE34C0600863A8C /* Info.plist */,
			);
			path = iOSAssessmentTest;
			sourceTree = "<group>";
		};
		26A6667F2BE34F0A00863A8C /* Contoller */ = {
			isa = PBXGroup;
			children = (
				26A6666F2BE34C0300863A8C /* ViewController.swift */,
			);
			path = Contoller;
			sourceTree = "<group>";
		};
		26A666802BE34F1A00863A8C /* Model */ = {
			isa = PBXGroup;
			children = (
				26A666842BE3511600863A8C /* JsonResponseModel.swift */,
			);
			path = Model;
			sourceTree = "<group>";
		};
		26A666812BE34F2500863A8C /* ViewModel */ = {
			isa = PBXGroup;
			children = (
				26A6668D2BE355E800863A8C /* JsonResponseViewModel.swift */,
			);
			path = ViewModel;
			sourceTree = "<group>";
		};
		26A666822BE34F8200863A8C /* TableCell */ = {
			isa = PBXGroup;
			children = (
				26A666862BE351A700863A8C /* ListTableViewCell.swift */,
				26A666872BE351A700863A8C /* ListTableViewCell.xib */,
			);
			path = TableCell;
			sourceTree = "<group>";
		};
		26A666832BE34FCC00863A8C /* Service */ = {
			isa = PBXGroup;
			children = (
				26A666922BE3614300863A8C /* ServiceManger.swift */,
			);
			path = Service;
			sourceTree = "<group>";
		};
		26A6668A2BE3552A00863A8C /* DataSource */ = {
			isa = PBXGroup;
			children = (
				26A6668B2BE3554800863A8C /* TableViewDataSource.swift */,
			);
			path = DataSource;
			sourceTree = "<group>";
		};
		26A6668F2BE35F3400863A8C /* Constants */ = {
			isa = PBXGroup;
			children = (
				26A666902BE35F4900863A8C /* Constants.swift */,
			);
			path = Constants;
			sourceTree = "<group>";
		};
/* End PBXGroup section */

/* Begin PBXNativeTarget section */
		26A666672BE34C0300863A8C /* iOSAssessmentTest */ = {
			isa = PBXNativeTarget;
			buildConfigurationList = 26A6667C2BE34C0600863A8C /* Build configuration list for PBXNativeTarget "iOSAssessmentTest" */;
			buildPhases = (
				26A666642BE34C0300863A8C /* Sources */,
				26A666652BE34C0300863A8C /* Frameworks */,
				26A666662BE34C0300863A8C /* Resources */,
			);
			buildRules = (
			);
			dependencies = (
			);
			name = iOSAssessmentTest;
			productName = iOSAssessmentTest;
			productReference = 26A666682BE34C0300863A8C /* iOSAssessmentTest.app */;
			productType = "com.apple.product-type.application";
		};
/* End PBXNativeTarget section */

/* Begin PBXProject section */
		26A666602BE34C0300863A8C /* Project object */ = {
			isa = PBXProject;
			attributes = {
				BuildIndependentTargetsInParallel = 1;
				LastSwiftUpdateCheck = 1520;
				LastUpgradeCheck = 1520;
				TargetAttributes = {
					26A666672BE34C0300863A8C = {
						CreatedOnToolsVersion = 15.2;
					};
				};
			};
			buildConfigurationList = 26A666632BE34C0300863A8C /* Build configuration list for PBXProject "iOSAssessmentTest" */;
			compatibilityVersion = "Xcode 14.0";
			developmentRegion = en;
			hasScannedForEncodings = 0;
			knownRegions = (
				en,
				Base,
			);
			mainGroup = 26A6665F2BE34C0300863A8C;
			productRefGroup = 26A666692BE34C0300863A8C /* Products */;
			projectDirPath = "";
			projectRoot = "";
			targets = (
				26A666672BE34C0300863A8C /* iOSAssessmentTest */,
			);
		};
/* End PBXProject section */

/* Begin PBXResourcesBuildPhase section */
		26A666662BE34C0300863A8C /* Resources */ = {
			isa = PBXResourcesBuildPhase;
			buildActionMask = 2147483647;
			files = (
				26A666782BE34C0600863A8C /* LaunchScreen.storyboard in Resources */,
				26A666892BE351A800863A8C /* ListTableViewCell.xib in Resources */,
				26A666752BE34C0600863A8C /* Assets.xcassets in Resources */,
				26A666732BE34C0300863A8C /* Main.storyboard in Resources */,
			);
			runOnlyForDeploymentPostprocessing = 0;
		};
/* End PBXResourcesBuildPhase section */

/* Begin PBXSourcesBuildPhase section */
		26A666642BE34C0300863A8C /* Sources */ = {
			isa = PBXSourcesBuildPhase;
			buildActionMask = 2147483647;
			files = (
				26A6668C2BE3554800863A8C /* TableViewDataSource.swift in Sources */,
				26A666852BE3511600863A8C /* JsonResponseModel.swift in Sources */,
				26A666702BE34C0300863A8C /* ViewController.swift in Sources */,
				26A6666C2BE34C0300863A8C /* AppDelegate.swift in Sources */,
				26A6666E2BE34C0300863A8C /* SceneDelegate.swift in Sources */,
				26A6668E2BE355E800863A8C /* JsonResponseViewModel.swift in Sources */,
				26A666882BE351A800863A8C /* ListTableViewCell.swift in Sources */,
				26A666912BE35F4900863A8C /* Constants.swift in Sources */,
				26A666932BE3614300863A8C /* ServiceManger.swift in Sources */,
			);
			runOnlyForDeploymentPostprocessing = 0;
		};
/* End PBXSourcesBuildPhase section */

/* Begin PBXVariantGroup section */
		26A666712BE34C0300863A8C /* Main.storyboard */ = {
			isa = PBXVariantGroup;
			children = (
				26A666722BE34C0300863A8C /* Base */,
			);
			name = Main.storyboard;
			sourceTree = "<group>";
		};
		26A666762BE34C0600863A8C /* LaunchScreen.storyboard */ = {
			isa = PBXVariantGroup;
			children = (
				26A666772BE34C0600863A8C /* Base */,
			);
			name = LaunchScreen.storyboard;
			sourceTree = "<group>";
		};
/* End PBXVariantGroup section */

/* Begin XCBuildConfiguration section */
		26A6667A2BE34C0600863A8C /* Debug */ = {
			isa = XCBuildConfiguration;
			buildSettings = {
				ALWAYS_SEARCH_USER_PATHS = NO;
				ASSETCATALOG_COMPILER_GENERATE_SWIFT_ASSET_SYMBOL_EXTENSIONS = YES;
				CLANG_ANALYZER_NONNULL = YES;
				CLANG_ANALYZER_NUMBER_OBJECT_CONVERSION = YES_AGGRESSIVE;
				CLANG_CXX_LANGUAGE_STANDARD = "gnu++20";
				CLANG_ENABLE_MODULES = YES;
				CLANG_ENABLE_OBJC_ARC = YES;
				CLANG_ENABLE_OBJC_WEAK = YES;
				CLANG_WARN_BLOCK_CAPTURE_AUTORELEASING = YES;
				CLANG_WARN_BOOL_CONVERSION = YES;
				CLANG_WARN_COMMA = YES;
				CLANG_WARN_CONSTANT_CONVERSION = YES;
				CLANG_WARN_DEPRECATED_OBJC_IMPLEMENTATIONS = YES;
				CLANG_WARN_DIRECT_OBJC_ISA_USAGE = YES_ERROR;
				CLANG_WARN_DOCUMENTATION_COMMENTS = YES;
				CLANG_WARN_EMPTY_BODY = YES;
				CLANG_WARN_ENUM_CONVERSION = YES;
				CLANG_WARN_INFINITE_RECURSION = YES;
				CLANG_WARN_INT_CONVERSION = YES;
				CLANG_WARN_NON_LITERAL_NULL_CONVERSION = YES;
				CLANG_WARN_OBJC_IMPLICIT_RETAIN_SELF = YES;
				CLANG_WARN_OBJC_LITERAL_CONVERSION = YES;
				CLANG_WARN_OBJC_ROOT_CLASS = YES_ERROR;
				CLANG_WARN_QUOTED_INCLUDE_IN_FRAMEWORK_HEADER = YES;
				CLANG_WARN_RANGE_LOOP_ANALYSIS = YES;
				CLANG_WARN_STRICT_PROTOTYPES = YES;
				CLANG_WARN_SUSPICIOUS_MOVE = YES;
				CLANG_WARN_UNGUARDED_AVAILABILITY = YES_AGGRESSIVE;
				CLANG_WARN_UNREACHABLE_CODE = YES;
				CLANG_WARN__DUPLICATE_METHOD_MATCH = YES;
				COPY_PHASE_STRIP = NO;
				DEBUG_INFORMATION_FORMAT = dwarf;
				ENABLE_STRICT_OBJC_MSGSEND = YES;
				ENABLE_TESTABILITY = YES;
				ENABLE_USER_SCRIPT_SANDBOXING = YES;
				GCC_C_LANGUAGE_STANDARD = gnu17;
				GCC_DYNAMIC_NO_PIC = NO;
				GCC_NO_COMMON_BLOCKS = YES;
				GCC_OPTIMIZATION_LEVEL = 0;
				GCC_PREPROCESSOR_DEFINITIONS = (
					"DEBUG=1",
					"$(inherited)",
				);
				GCC_WARN_64_TO_32_BIT_CONVERSION = YES;
				GCC_WARN_ABOUT_RETURN_TYPE = YES_ERROR;
				GCC_WARN_UNDECLARED_SELECTOR = YES;
				GCC_WARN_UNINITIALIZED_AUTOS = YES_AGGRESSIVE;
				GCC_WARN_UNUSED_FUNCTION = YES;
				GCC_WARN_UNUSED_VARIABLE = YES;
				IPHONEOS_DEPLOYMENT_TARGET = 17.2;
				LOCALIZATION_PREFERS_STRING_CATALOGS = YES;
				MTL_ENABLE_DEBUG_INFO = INCLUDE_SOURCE;
				MTL_FAST_MATH = YES;
				ONLY_ACTIVE_ARCH = YES;
				SDKROOT = iphoneos;
				SWIFT_ACTIVE_COMPILATION_CONDITIONS = "DEBUG $(inherited)";
				SWIFT_OPTIMIZATION_LEVEL = "-Onone";
			};
			name = Debug;
		};
		26A6667B2BE34C0600863A8C /* Release */ = {
			isa = XCBuildConfiguration;
			buildSettings = {
				ALWAYS_SEARCH_USER_PATHS = NO;
				ASSETCATALOG_COMPILER_GENERATE_SWIFT_ASSET_SYMBOL_EXTENSIONS = YES;
				CLANG_ANALYZER_NONNULL = YES;
				CLANG_ANALYZER_NUMBER_OBJECT_CONVERSION = YES_AGGRESSIVE;
				CLANG_CXX_LANGUAGE_STANDARD = "gnu++20";
				CLANG_ENABLE_MODULES = YES;
				CLANG_ENABLE_OBJC_ARC = YES;
				CLANG_ENABLE_OBJC_WEAK = YES;
				CLANG_WARN_BLOCK_CAPTURE_AUTORELEASING = YES;
				CLANG_WARN_BOOL_CONVERSION = YES;
				CLANG_WARN_COMMA = YES;
				CLANG_WARN_CONSTANT_CONVERSION = YES;
				CLANG_WARN_DEPRECATED_OBJC_IMPLEMENTATIONS = YES;
				CLANG_WARN_DIRECT_OBJC_ISA_USAGE = YES_ERROR;
				CLANG_WARN_DOCUMENTATION_COMMENTS = YES;
				CLANG_WARN_EMPTY_BODY = YES;
				CLANG_WARN_ENUM_CONVERSION = YES;
				CLANG_WARN_INFINITE_RECURSION = YES;
				CLANG_WARN_INT_CONVERSION = YES;
				CLANG_WARN_NON_LITERAL_NULL_CONVERSION = YES;
				CLANG_WARN_OBJC_IMPLICIT_RETAIN_SELF = YES;
				CLANG_WARN_OBJC_LITERAL_CONVERSION = YES;
				CLANG_WARN_OBJC_ROOT_CLASS = YES_ERROR;
				CLANG_WARN_QUOTED_INCLUDE_IN_FRAMEWORK_HEADER = YES;
				CLANG_WARN_RANGE_LOOP_ANALYSIS = YES;
				CLANG_WARN_STRICT_PROTOTYPES = YES;
				CLANG_WARN_SUSPICIOUS_MOVE = YES;
				CLANG_WARN_UNGUARDED_AVAILABILITY = YES_AGGRESSIVE;
				CLANG_WARN_UNREACHABLE_CODE = YES;
				CLANG_WARN__DUPLICATE_METHOD_MATCH = YES;
				COPY_PHASE_STRIP = NO;
				DEBUG_INFORMATION_FORMAT = "dwarf-with-dsym";
				ENABLE_NS_ASSERTIONS = NO;
				ENABLE_STRICT_OBJC_MSGSEND = YES;
				ENABLE_USER_SCRIPT_SANDBOXING = YES;
				GCC_C_LANGUAGE_STANDARD = gnu17;
				GCC_NO_COMMON_BLOCKS = YES;
				GCC_WARN_64_TO_32_BIT_CONVERSION = YES;
				GCC_WARN_ABOUT_RETURN_TYPE = YES_ERROR;
				GCC_WARN_UNDECLARED_SELECTOR = YES;
				GCC_WARN_UNINITIALIZED_AUTOS = YES_AGGRESSIVE;
				GCC_WARN_UNUSED_FUNCTION = YES;
				GCC_WARN_UNUSED_VARIABLE = YES;
				IPHONEOS_DEPLOYMENT_TARGET = 17.2;
				LOCALIZATION_PREFERS_STRING_CATALOGS = YES;
				MTL_ENABLE_DEBUG_INFO = NO;
				MTL_FAST_MATH = YES;
				SDKROOT = iphoneos;
				SWIFT_COMPILATION_MODE = wholemodule;
				VALIDATE_PRODUCT = YES;
			};
			name = Release;
		};
		26A6667D2BE34C0600863A8C /* Debug */ = {
			isa = XCBuildConfiguration;
			buildSettings = {
				ASSETCATALOG_COMPILER_APPICON_NAME = AppIcon;
				ASSETCATALOG_COMPILER_GLOBAL_ACCENT_COLOR_NAME = AccentColor;
				CODE_SIGN_STYLE = Automatic;
				CURRENT_PROJECT_VERSION = 1;
				DEVELOPMENT_TEAM = 9B2LDX3Y5B;
				GENERATE_INFOPLIST_FILE = YES;
				INFOPLIST_FILE = iOSAssessmentTest/Info.plist;
				INFOPLIST_KEY_UIApplicationSupportsIndirectInputEvents = YES;
				INFOPLIST_KEY_UILaunchStoryboardName = LaunchScreen;
				INFOPLIST_KEY_UIMainStoryboardFile = Main;
				INFOPLIST_KEY_UISupportedInterfaceOrientations_iPad = "UIInterfaceOrientationPortrait UIInterfaceOrientationPortraitUpsideDown UIInterfaceOrientationLandscapeLeft UIInterfaceOrientationLandscapeRight";
				INFOPLIST_KEY_UISupportedInterfaceOrientations_iPhone = "UIInterfaceOrientationPortrait UIInterfaceOrientationLandscapeLeft UIInterfaceOrientationLandscapeRight";
				LD_RUNPATH_SEARCH_PATHS = (
					"$(inherited)",
					"@executable_path/Frameworks",
				);
				MARKETING_VERSION = 1.0;
				PRODUCT_BUNDLE_IDENTIFIER = com.junaid.iOSAssessmentTest;
				PRODUCT_NAME = "$(TARGET_NAME)";
				SWIFT_EMIT_LOC_STRINGS = YES;
				SWIFT_VERSION = 5.0;
				TARGETED_DEVICE_FAMILY = "1,2";
			};
			name = Debug;
		};
		26A6667E2BE34C0600863A8C /* Release */ = {
			isa = XCBuildConfiguration;
			buildSettings = {
				ASSETCATALOG_COMPILER_APPICON_NAME = AppIcon;
				ASSETCATALOG_COMPILER_GLOBAL_ACCENT_COLOR_NAME = AccentColor;
				CODE_SIGN_STYLE = Automatic;
				CURRENT_PROJECT_VERSION = 1;
				DEVELOPMENT_TEAM = 9B2LDX3Y5B;
				GENERATE_INFOPLIST_FILE = YES;
				INFOPLIST_FILE = iOSAssessmentTest/Info.plist;
				INFOPLIST_KEY_UIApplicationSupportsIndirectInputEvents = YES;
				INFOPLIST_KEY_UILaunchStoryboardName = LaunchScreen;
				INFOPLIST_KEY_UIMainStoryboardFile = Main;
				INFOPLIST_KEY_UISupportedInterfaceOrientations_iPad = "UIInterfaceOrientationPortrait UIInterfaceOrientationPortraitUpsideDown UIInterfaceOrientationLandscapeLeft UIInterfaceOrientationLandscapeRight";
				INFOPLIST_KEY_UISupportedInterfaceOrientations_iPhone = "UIInterfaceOrientationPortrait UIInterfaceOrientationLandscapeLeft UIInterfaceOrientationLandscapeRight";
				LD_RUNPATH_SEARCH_PATHS = (
					"$(inherited)",
					"@executable_path/Frameworks",
				);
				MARKETING_VERSION = 1.0;
				PRODUCT_BUNDLE_IDENTIFIER = com.junaid.iOSAssessmentTest;
				PRODUCT_NAME = "$(TARGET_NAME)";
				SWIFT_EMIT_LOC_STRINGS = YES;
				SWIFT_VERSION = 5.0;
				TARGETED_DEVICE_FAMILY = "1,2";
			};
			name = Release;
		};
/* End XCBuildConfiguration section */

/* Begin XCConfigurationList section */
		26A666632BE34C0300863A8C /* Build configuration list for PBXProject "iOSAssessmentTest" */ = {
			isa = XCConfigurationList;
			buildConfigurations = (
				26A6667A2BE34C0600863A8C /* Debug */,
				26A6667B2BE34C0600863A8C /* Release */,
			);
			defaultConfigurationIsVisible = 0;
			defaultConfigurationName = Release;
		};
		26A6667C2BE34C0600863A8C /* Build configuration list for PBXNativeTarget "iOSAssessmentTest" */ = {
			isa = XCConfigurationList;
			buildConfigurations = (
				26A6667D2BE34C0600863A8C /* Debug */,
				26A6667E2BE34C0600863A8C /* Release */,
			);
			defaultConfigurationIsVisible = 0;
			defaultConfigurationName = Release;
		};
/* End XCConfigurationList section */
	};
	rootObject = 26A666602BE34C0300863A8C /* Project object */;
}
